
Microsoft Visual Studio Solution File, Format Version 12.00
# Visual Studio Version 17
VisualStudioVersion = 17.5.33530.505
MinimumVisualStudioVersion = 10.0.40219.1
Project("{FAE04EC0-301F-11D3-BF4B-00C04F79EFBC}") = "lab7", "lab7\lab7.csproj", "{B3F43223-313B-43C8-B2ED-341FBCEE9F01}"
EndProject
Global
	GlobalSection(SolutionConfigurationPlatforms) = preSolution
		Debug|Any CPU = Debug|Any CPU
		Release|Any CPU = Release|Any CPU
	EndGlobalSection
	GlobalSection(ProjectConfigurationPlatforms) = postSolution
		{B3F43223-313B-43C8-B2ED-341FBCEE9F01}.Debug|Any CPU.ActiveCfg = Debug|Any CPU
		{B3F43223-313B-43C8-B2ED-341FBCEE9F01}.Debug|Any CPU.Build.0 = Debug|Any CPU
		{B3F43223-313B-43C8-B2ED-341FBCEE9F01}.Release|Any CPU.ActiveCfg = Release|Any CPU
		{B3F43223-313B-43C8-B2ED-341FBCEE9F01}.Release|Any CPU.Build.0 = Release|Any CPU
	EndGlobalSection
	GlobalSection(SolutionProperties) = preSolution
		HideSolutionNode = FALSE
	EndGlobalSection
	GlobalSection(ExtensibilityGlobals) = postSolution
		SolutionGuid = {22FFCA37-F5C2-4224-83D7-5BF58EADEB8F}
	EndGlobalSection
EndGlobal
